
Microsoft Visual Studio Solution File, Format Version 12.00
# Visual Studio Version 17
VisualStudioVersion = 17.5.002.0
MinimumVisualStudioVersion = 10.0.40219.1
Project("{2150E333-8FDC-42A3-9474-1A3956D46DE8}") = "src", "src", "{B639B643-4A92-4780-AD72-63EBE3AFFA19}"
EndProject
Project("{9A19103F-16F7-4668-BE54-9A1E7A4F7556}") = "Play.Catalog.Service", "src\Play.Catalog.Service\Play.Catalog.Service.csproj", "{FE594AEB-B8C4-4975-B371-587405B74351}"
EndProject
Global
	GlobalSection(SolutionConfigurationPlatforms) = preSolution
		Debug|Any CPU = Debug|Any CPU
		Release|Any CPU = Release|Any CPU
	EndGlobalSection
	GlobalSection(ProjectConfigurationPlatforms) = postSolution
		{FE594AEB-B8C4-4975-B371-587405B74351}.Debug|Any CPU.ActiveCfg = Debug|Any CPU
		{FE594AEB-B8C4-4975-B371-587405B74351}.Debug|Any CPU.Build.0 = Debug|Any CPU
		{FE594AEB-B8C4-4975-B371-587405B74351}.Release|Any CPU.ActiveCfg = Release|Any CPU
		{FE594AEB-B8C4-4975-B371-587405B74351}.Release|Any CPU.Build.0 = Release|Any CPU
	EndGlobalSection
	GlobalSection(SolutionProperties) = preSolution
		HideSolutionNode = FALSE
	EndGlobalSection
	GlobalSection(NestedProjects) = preSolution
		{FE594AEB-B8C4-4975-B371-587405B74351} = {B639B643-4A92-4780-AD72-63EBE3AFFA19}
	EndGlobalSection
	GlobalSection(ExtensibilityGlobals) = postSolution
		SolutionGuid = {467B16D6-46D2-4488-9F61-BC9EDBB01924}
	EndGlobalSection
EndGlobal
